{
  "version": 4,
  "terraform_version": "1.13.4",
  "serial": 5,
  "lineage": "7cd6d553-5dd7-b09b-250b-912b32431cb8",
  "outputs": {},
  "resources": [
    {
      "mode": "managed",
      "type": "aws_iam_group",
      "name": "cmtr_group",
      "provider": "provider[\"registry.terraform.io/hashicorp/aws\"]",
      "instances": [
        {
          "schema_version": 0,
          "attributes": {
            "arn": "arn:aws:iam::430118818626:group/cmtr-ghjc0xhd-iam-group",
            "id": "cmtr-ghjc0xhd-iam-group",
            "name": "cmtr-ghjc0xhd-iam-group",
            "path": "/",
            "unique_id": "AGPAWIJIUKNBPWMLZ2GGR"
          },
          "sensitive_attributes": [],
          "identity_schema_version": 0,
          "private": "bnVsbA=="
        }
      ]
    },
    {
      "mode": "managed",
      "type": "aws_iam_instance_profile",
      "name": "cmtr_instance_profile",
      "provider": "provider[\"registry.terraform.io/hashicorp/aws\"]",
      "instances": [
        {
          "schema_version": 0,
          "attributes": {
            "arn": "arn:aws:iam::430118818626:instance-profile/cmtr-ghjc0xhd-iam-instance-profile",
            "create_date": "2025-10-30T13:09:53Z",
            "id": "cmtr-ghjc0xhd-iam-instance-profile",
            "name": "cmtr-ghjc0xhd-iam-instance-profile",
            "name_prefix": "",
            "path": "/",
            "role": "cmtr-ghjc0xhd-iam-role",
            "tags": null,
            "tags_all": {},
            "unique_id": "AIPAWIJIUKNBOLJTRCKUZ"
          },
          "sensitive_attributes": [],
          "identity_schema_version": 0,
          "private": "bnVsbA==",
          "dependencies": [
            "aws_iam_role.cmtr_role"
          ]
        }
      ]
    },
    {
      "mode": "managed",
      "type": "aws_iam_policy",
      "name": "cmtr_policy",
      "provider": "provider[\"registry.terraform.io/hashicorp/aws\"]",
      "instances": [
        {
          "schema_version": 0,
          "attributes": {
            "arn": "arn:aws:iam::430118818626:policy/cmtr-ghjc0xhd-iam-policy",
            "attachment_count": 0,
            "description": "Grants write access to the specified S3 bucket",
            "id": "arn:aws:iam::430118818626:policy/cmtr-ghjc0xhd-iam-policy",
            "name": "cmtr-ghjc0xhd-iam-policy",
            "name_prefix": "",
            "path": "/",
            "policy": "{\"Statement\":[{\"Action\":[\"s3:PutObject\",\"s3:DeleteObject\"],\"Effect\":\"Allow\",\"Resource\":\"arn:aws:s3:::cmtr-ghjc0xhd-bucket-1761828923/*\"}],\"Version\":\"2012-10-17\"}",
            "policy_id": "ANPAWIJIUKNBAMHIJU3HM",
            "tags": {
              "Project": "cmtr-ghjc0xhd"
            },
            "tags_all": {
              "Project": "cmtr-ghjc0xhd"
            }
          },
          "sensitive_attributes": [],
          "identity_schema_version": 0,
          "identity": {
            "arn": "arn:aws:iam::430118818626:policy/cmtr-ghjc0xhd-iam-policy"
          },
          "private": "bnVsbA=="
        }
      ]
    },
    {
      "mode": "managed",
      "type": "aws_iam_role",
      "name": "cmtr_role",
      "provider": "provider[\"registry.terraform.io/hashicorp/aws\"]",
      "instances": [
        {
          "schema_version": 0,
          "attributes": {
            "arn": "arn:aws:iam::430118818626:role/cmtr-ghjc0xhd-iam-role",
            "assume_role_policy": "{\"Statement\":[{\"Action\":\"sts:AssumeRole\",\"Effect\":\"Allow\",\"Principal\":{\"Service\":\"ec2.amazonaws.com\"}}],\"Version\":\"2012-10-17\"}",
            "create_date": "2025-10-30T13:09:52Z",
            "description": "",
            "force_detach_policies": false,
            "id": "cmtr-ghjc0xhd-iam-role",
            "inline_policy": [],
            "managed_policy_arns": [],
            "max_session_duration": 3600,
            "name": "cmtr-ghjc0xhd-iam-role",
            "name_prefix": "",
            "path": "/",
            "permissions_boundary": "",
            "tags": {
              "Project": "cmtr-ghjc0xhd"
            },
            "tags_all": {
              "Project": "cmtr-ghjc0xhd"
            },
            "unique_id": "AROAWIJIUKNBKXTANVBAX"
          },
          "sensitive_attributes": [],
          "identity_schema_version": 0,
          "identity": {
            "account_id": "430118818626",
            "name": "cmtr-ghjc0xhd-iam-role"
          },
          "private": "bnVsbA=="
        }
      ]
    },
    {
      "mode": "managed",
      "type": "aws_iam_role_policy_attachment",
      "name": "attach_policy_to_role",
      "provider": "provider[\"registry.terraform.io/hashicorp/aws\"]",
      "instances": [
        {
          "schema_version": 0,
          "attributes": {
            "id": "cmtr-ghjc0xhd-iam-role/arn:aws:iam::430118818626:policy/cmtr-ghjc0xhd-iam-policy",
            "policy_arn": "arn:aws:iam::430118818626:policy/cmtr-ghjc0xhd-iam-policy",
            "role": "cmtr-ghjc0xhd-iam-role"
          },
          "sensitive_attributes": [],
          "identity_schema_version": 0,
          "identity": {
            "account_id": "430118818626",
            "policy_arn": "arn:aws:iam::430118818626:policy/cmtr-ghjc0xhd-iam-policy",
            "role": "cmtr-ghjc0xhd-iam-role"
          },
          "private": "bnVsbA==",
          "dependencies": [
            "aws_iam_policy.cmtr_policy",
            "aws_iam_role.cmtr_role"
          ]
        }
      ]
    }
  ],
  "check_results": null
}
